<?xml version="1.0" encoding="utf-8"?>
<Project ToolsVersion="4.0" xmlns="http://schemas.microsoft.com/developer/msbuild/2003">
  <ItemGroup>
    <Filter Include="Source Files">
      <UniqueIdentifier>{4FC737F1-C7A5-4376-A066-2A32D752A2FF}</UniqueIdentifier>
      <Extensions>cpp;c;cc;cxx;def;odl;idl;hpj;bat;asm;asmx</Extensions>
    </Filter>
    <Filter Include="Header Files">
      <UniqueIdentifier>{93995380-89BD-4b04-88EB-625FBE52EBFB}</UniqueIdentifier>
      <Extensions>h;hh;hpp;hxx;hm;inl;inc;xsd</Extensions>
    </Filter>
    <Filter Include="Resource Files">
      <UniqueIdentifier>{67DA6AB6-F800-4c08-8B7A-83BB121AAD01}</UniqueIdentifier>
      <Extensions>rc;ico;cur;bmp;dlg;rc2;rct;bin;rgs;gif;jpg;jpeg;jpe;resx;tiff;tif;png;wav;mfcribbon-ms</Extensions>
    </Filter>
    <Filter Include="Source Files\Components">
      <UniqueIdentifier>{a717429f-8ad2-4a26-bd8b-b672a022c172}</UniqueIdentifier>
    </Filter>
    <Filter Include="Source Files\Components\Base">
      <UniqueIdentifier>{2cd87920-8711-458c-8bd9-e320ef54808c}</UniqueIdentifier>
    </Filter>
    <Filter Include="Header Files\Components">
      <UniqueIdentifier>{0a63b6c7-964d-45cd-8f75-1e6a4df1f94e}</UniqueIdentifier>
    </Filter>
    <Filter Include="Header Files\Components\Base">
      <UniqueIdentifier>{dfe887f0-8c44-4707-9e5e-7dc145fabdb0}</UniqueIdentifier>
    </Filter>
    <Filter Include="Source Files\Scenes">
      <UniqueIdentifier>{c82d1749-bd50-4edf-a793-2b943fe8656b}</UniqueIdentifier>
    </Filter>
    <Filter Include="Header Files\Scenes">
      <UniqueIdentifier>{b3b7d08c-5bbd-4583-8fd1-e389d026ade1}</UniqueIdentifier>
    </Filter>
    <Filter Include="Header Files\Resource Mangement">
      <UniqueIdentifier>{6c5718f7-bcbd-4197-bfb2-1b37513ae252}</UniqueIdentifier>
    </Filter>
    <Filter Include="Source Files\Resource Management">
      <UniqueIdentifier>{f9ede878-e181-4c3a-af81-cb2b89d4b20e}</UniqueIdentifier>
    </Filter>
    <Filter Include="Header Files\Components\Collision">
      <UniqueIdentifier>{0ae54b58-b57c-41b3-adc3-bca1bb5e9d41}</UniqueIdentifier>
    </Filter>
    <Filter Include="Source Files\Components\Collision">
      <UniqueIdentifier>{4135554a-99bd-4584-ae08-4f5a0351716f}</UniqueIdentifier>
    </Filter>
    <Filter Include="Source Files\Level Generation">
      <UniqueIdentifier>{8eecb375-edc8-4046-b18d-9d021021faee}</UniqueIdentifier>
    </Filter>
    <Filter Include="Header Files\Level Generation">
      <UniqueIdentifier>{efe66a9c-4b84-415a-ac2b-4e72168d9ade}</UniqueIdentifier>
    </Filter>
    <Filter Include="Source Files\Raycast">
      <UniqueIdentifier>{bb879a03-5be5-4d44-943d-47ef95d0671a}</UniqueIdentifier>
    </Filter>
    <Filter Include="Header Files\Raycast">
      <UniqueIdentifier>{0073338d-e5e1-42f1-a4a3-1881c8ddef71}</UniqueIdentifier>
    </Filter>
    <Filter Include="Source Files\Components\Test">
      <UniqueIdentifier>{735d1e66-ead7-4ad0-89b6-e71854864116}</UniqueIdentifier>
    </Filter>
    <Filter Include="Header Files\Components\Test">
      <UniqueIdentifier>{51de7cef-dba9-4287-a07b-2a9aad028b4b}</UniqueIdentifier>
    </Filter>
    <Filter Include="Header Files\Components\Movement Behavior">
      <UniqueIdentifier>{18e5229c-5489-422e-8117-4680617c1151}</UniqueIdentifier>
    </Filter>
    <Filter Include="Source Files\Components\Movement Behavior">
      <UniqueIdentifier>{580ac7aa-9cb6-433d-9e43-29aace64aac7}</UniqueIdentifier>
    </Filter>
    <Filter Include="Header Files\Debug">
      <UniqueIdentifier>{44a3cb85-54ed-42be-a849-92a3c82e68dc}</UniqueIdentifier>
    </Filter>
    <Filter Include="Source Files\Debug">
      <UniqueIdentifier>{6f75615f-6bf8-42f7-8563-b2756a4ce794}</UniqueIdentifier>
    </Filter>
    <Filter Include="Source Files\Animation">
      <UniqueIdentifier>{0cf84374-fb77-4faa-b010-1b3f3d33f2d4}</UniqueIdentifier>
    </Filter>
    <Filter Include="Header Files\Animation">
      <UniqueIdentifier>{2252f694-5d8e-472e-a580-b48671915718}</UniqueIdentifier>
    </Filter>
    <Filter Include="Header Files\Events">
      <UniqueIdentifier>{23fd7d0a-484b-4ebd-9bff-1099d7aa66f1}</UniqueIdentifier>
    </Filter>
    <Filter Include="Source Files\Events">
      <UniqueIdentifier>{bf2b2dcf-7a8b-494c-b78e-17047147158c}</UniqueIdentifier>
    </Filter>
  </ItemGroup>
  <ItemGroup>
    <ClInclude Include="Object.h">
      <Filter>Header Files</Filter>
    </ClInclude>
    <ClInclude Include="Component.h">
      <Filter>Header Files\Components\Base</Filter>
    </ClInclude>
    <ClInclude Include="C_InstanceID.h">
      <Filter>Header Files\Components</Filter>
    </ClInclude>
    <ClInclude Include="C_Tag.h">
      <Filter>Header Files\Components</Filter>
    </ClInclude>
    <ClInclude Include="C_Transform.h">
      <Filter>Header Files\Components</Filter>
    </ClInclude>
    <ClInclude Include="C_Updateable.h">
      <Filter>Header Files\Components\Base</Filter>
    </ClInclude>
    <ClInclude Include="C_Drawable.h">
      <Filter>Header Files\Components\Base</Filter>
    </ClInclude>
    <ClInclude Include="C_Collidable.h">
      <Filter>Header Files\Components\Base</Filter>
    </ClInclude>
    <ClInclude Include="Game.h">
      <Filter>Header Files</Filter>
    </ClInclude>
    <ClInclude Include="Input.h">
      <Filter>Header Files</Filter>
    </ClInclude>
    <ClInclude Include="Util.h">
      <Filter>Header Files</Filter>
    </ClInclude>
    <ClInclude Include="C_AnimatedSprite.h">
      <Filter>Header Files\Components</Filter>
    </ClInclude>
    <ClInclude Include="C_DirectionalAnimation.h">
      <Filter>Header Files\Components</Filter>
    </ClInclude>
    <ClInclude Include="S_Game.h">
      <Filter>Header Files\Scenes</Filter>
    </ClInclude>
    <ClInclude Include="TextureManager.h">
      <Filter>Header Files\Resource Mangement</Filter>
    </ClInclude>
    <ClInclude Include="C_KeyboardController.h">
      <Filter>Header Files\Components</Filter>
    </ClInclude>
    <ClInclude Include="C_StaticSprite.h">
      <Filter>Header Files\Components</Filter>
    </ClInclude>
    <ClInclude Include="StateManager.h">
      <Filter>Header Files\Scenes</Filter>
    </ClInclude>
    <ClInclude Include="SharedContext.h">
      <Filter>Header Files\Components</Filter>
    </ClInclude>
    <ClInclude Include="Scene.h">
      <Filter>Header Files\Scenes</Filter>
    </ClInclude>
    <ClInclude Include="C_Collider2D.h">
      <Filter>Header Files\Components\Collision</Filter>
    </ClInclude>
    <ClInclude Include="C_BoxCollider.h">
      <Filter>Header Files\Components\Collision</Filter>
    </ClInclude>
    <ClInclude Include="Level.h">
      <Filter>Header Files\Level Generation</Filter>
    </ClInclude>
    <ClInclude Include="C_Camera.h">
      <Filter>Header Files\Components</Filter>
    </ClInclude>
    <ClInclude Include="C_PathFinding.h">
      <Filter>Header Files\Components</Filter>
    </ClInclude>
    <ClInclude Include="CollisionResolver.h">
      <Filter>Header Files</Filter>
    </ClInclude>
    <ClInclude Include="Bitmask.h">
      <Filter>Header Files</Filter>
    </ClInclude>
    <ClInclude Include="PathFinder.h">
      <Filter>Header Files</Filter>
    </ClInclude>
    <ClInclude Include="Raycast.h">
      <Filter>Header Files\Raycast</Filter>
    </ClInclude>
    <ClInclude Include="C_RaycastTest.h">
      <Filter>Header Files\Components\Test</Filter>
    </ClInclude>
    <ClInclude Include="C_CollidableTest.h">
      <Filter>Header Files\Components\Test</Filter>
    </ClInclude>
    <ClInclude Include="C_MovementBehavior.h">
      <Filter>Header Files\Components\Movement Behavior</Filter>
    </ClInclude>
    <ClInclude Include="C_Seperation.h">
      <Filter>Header Files\Components\Movement Behavior</Filter>
    </ClInclude>
    <ClInclude Include="C_Velocity.h">
      <Filter>Header Files\Components</Filter>
    </ClInclude>
    <ClInclude Include="C_BehaviorApplier.h">
      <Filter>Header Files\Components\Movement Behavior</Filter>
    </ClInclude>
    <ClInclude Include="C_CircleCollider.h">
      <Filter>Header Files\Components\Collision</Filter>
    </ClInclude>
    <ClInclude Include="S_Intro.h">
      <Filter>Header Files\Scenes</Filter>
    </ClInclude>
    <ClInclude Include="S_Paused.h">
      <Filter>Header Files\Scenes</Filter>
    </ClInclude>
    <ClInclude Include="DungeonGenerator.h">
      <Filter>Header Files\Level Generation</Filter>
    </ClInclude>
    <ClInclude Include="Debug.h">
      <Filter>Header Files\Debug</Filter>
    </ClInclude>
    <ClInclude Include="C_DebugPositionLabel.h">
      <Filter>Header Files\Debug</Filter>
    </ClInclude>
    <ClInclude Include="Animation.h">
      <Filter>Header Files\Animation</Filter>
    </ClInclude>
    <ClInclude Include="AnimationGroup.h">
      <Filter>Header Files\Animation</Filter>
    </ClInclude>
    <ClInclude Include="AnimationFactory.h">
      <Filter>Header Files\Animation</Filter>
    </ClInclude>
    <ClInclude Include="DungeonClusters.h">
      <Filter>Header Files\Level Generation</Filter>
    </ClInclude>
    <ClInclude Include="C_MeleeAttack.h">
      <Filter>Header Files\Components</Filter>
    </ClInclude>
    <ClInclude Include="RaycastResult.h">
      <Filter>Header Files\Raycast</Filter>
    </ClInclude>
    <ClInclude Include="C_Direction.h">
      <Filter>Header Files\Components</Filter>
    </ClInclude>
    <ClInclude Include="NodeList.h">
      <Filter>Header Files\Level Generation</Filter>
    </ClInclude>
    <ClInclude Include="C_Damageable.h">
      <Filter>Header Files\Components\Base</Filter>
    </ClInclude>
    <ClInclude Include="C_Health.h">
      <Filter>Header Files\Components</Filter>
    </ClInclude>
    <ClInclude Include="C_KnockBack.h">
      <Filter>Header Files\Components</Filter>
    </ClInclude>
    <ClInclude Include="FPS.h">
      <Filter>Header Files\Debug</Filter>
    </ClInclude>
  </ItemGroup>
  <ItemGroup>
    <ClCompile Include="Object.cpp">
      <Filter>Source Files</Filter>
    </ClCompile>
    <ClCompile Include="main.cpp">
      <Filter>Source Files</Filter>
    </ClCompile>
    <ClCompile Include="C_InstanceID.cpp">
      <Filter>Source Files\Components</Filter>
    </ClCompile>
    <ClCompile Include="C_Tag.cpp">
      <Filter>Source Files\Components</Filter>
    </ClCompile>
    <ClCompile Include="C_Transform.cpp">
      <Filter>Source Files\Components</Filter>
    </ClCompile>
    <ClCompile Include="C_Updateable.cpp">
      <Filter>Source Files\Components\Base</Filter>
    </ClCompile>
    <ClCompile Include="C_Drawable.cpp">
      <Filter>Source Files\Components\Base</Filter>
    </ClCompile>
    <ClCompile Include="C_Collidable.cpp">
      <Filter>Source Files\Components\Base</Filter>
    </ClCompile>
    <ClCompile Include="Game.cpp">
      <Filter>Source Files</Filter>
    </ClCompile>
    <ClCompile Include="Input.cpp">
      <Filter>Source Files</Filter>
    </ClCompile>
    <ClCompile Include="C_AnimatedSprite.cpp">
      <Filter>Source Files\Components</Filter>
    </ClCompile>
    <ClCompile Include="C_DirectionalAnimation.cpp">
      <Filter>Source Files\Components</Filter>
    </ClCompile>
    <ClCompile Include="S_Game.cpp">
      <Filter>Source Files\Scenes</Filter>
    </ClCompile>
    <ClCompile Include="TextureManager.cpp">
      <Filter>Source Files\Resource Management</Filter>
    </ClCompile>
    <ClCompile Include="C_StaticSprite.cpp">
      <Filter>Source Files\Components</Filter>
    </ClCompile>
    <ClCompile Include="C_KeyboardController.cpp">
      <Filter>Source Files\Components</Filter>
    </ClCompile>
    <ClCompile Include="StateManager.cpp">
      <Filter>Source Files\Scenes</Filter>
    </ClCompile>
    <ClCompile Include="C_Collider2D.cpp">
      <Filter>Source Files\Components\Collision</Filter>
    </ClCompile>
    <ClCompile Include="C_BoxCollider.cpp">
      <Filter>Source Files\Components\Collision</Filter>
    </ClCompile>
    <ClCompile Include="Level.cpp">
      <Filter>Source Files\Level Generation</Filter>
    </ClCompile>
    <ClCompile Include="C_Camera.cpp">
      <Filter>Source Files\Components</Filter>
    </ClCompile>
    <ClCompile Include="C_PathFinding.cpp">
      <Filter>Source Files\Components</Filter>
    </ClCompile>
    <ClCompile Include="CollisionResolver.cpp">
      <Filter>Source Files</Filter>
    </ClCompile>
    <ClCompile Include="PathFinder.cpp">
      <Filter>Source Files</Filter>
    </ClCompile>
    <ClCompile Include="Raycast.cpp">
      <Filter>Source Files\Raycast</Filter>
    </ClCompile>
    <ClCompile Include="C_RaycastTest.cpp">
      <Filter>Source Files\Components\Test</Filter>
    </ClCompile>
    <ClCompile Include="C_CollidableTest.cpp">
      <Filter>Source Files\Components\Test</Filter>
    </ClCompile>
    <ClCompile Include="C_MovementBehavior.cpp">
      <Filter>Source Files\Components\Movement Behavior</Filter>
    </ClCompile>
    <ClCompile Include="C_Seperation.cpp">
      <Filter>Source Files\Components\Movement Behavior</Filter>
    </ClCompile>
    <ClCompile Include="C_Velocity.cpp">
      <Filter>Source Files\Components</Filter>
    </ClCompile>
    <ClCompile Include="C_BehaviorApplier.cpp">
      <Filter>Source Files\Components\Movement Behavior</Filter>
    </ClCompile>
    <ClCompile Include="C_CircleCollider.cpp">
      <Filter>Source Files\Components\Collision</Filter>
    </ClCompile>
    <ClCompile Include="S_Intro.cpp">
      <Filter>Source Files\Scenes</Filter>
    </ClCompile>
    <ClCompile Include="S_Paused.cpp">
      <Filter>Source Files\Scenes</Filter>
    </ClCompile>
    <ClCompile Include="DungeonGenerator.cpp">
      <Filter>Source Files\Level Generation</Filter>
    </ClCompile>
    <ClCompile Include="Debug.cpp">
      <Filter>Source Files\Debug</Filter>
    </ClCompile>
    <ClCompile Include="C_DebugPositionLabel.cpp">
      <Filter>Source Files\Debug</Filter>
    </ClCompile>
    <ClCompile Include="Animation.cpp">
      <Filter>Source Files\Animation</Filter>
    </ClCompile>
    <ClCompile Include="AnimationGroup.cpp">
      <Filter>Source Files\Animation</Filter>
    </ClCompile>
    <ClCompile Include="AnimationFactory.cpp">
      <Filter>Source Files\Animation</Filter>
    </ClCompile>
    <ClCompile Include="C_MeleeAttack.cpp">
      <Filter>Source Files\Components</Filter>
    </ClCompile>
    <ClCompile Include="C_Direction.cpp">
      <Filter>Source Files\Components</Filter>
    </ClCompile>
    <ClCompile Include="DungeonClusters.cpp">
      <Filter>Source Files\Level Generation</Filter>
    </ClCompile>
    <ClCompile Include="NodeList.cpp">
      <Filter>Source Files\Level Generation</Filter>
    </ClCompile>
    <ClCompile Include="C_Health.cpp">
      <Filter>Source Files\Components</Filter>
    </ClCompile>
    <ClCompile Include="C_KnockBack.cpp">
      <Filter>Source Files\Components</Filter>
    </ClCompile>
    <ClCompile Include="FPS.cpp">
      <Filter>Source Files\Debug</Filter>
    </ClCompile>
  </ItemGroup>
</Project>